// !$*UTF8*$!
{
	archiveVersion = 1;
	classes = {
	};
	objectVersion = 46;
	objects = {

/* Begin PBXBuildFile section */
		B86366A91A8549C400340822 /* AppDelegate.swift in Sources */ = {isa = PBXBuildFile; fileRef = B86366A81A8549C400340822 /* AppDelegate.swift */; };
		B86366AB1A8549C400340822 /* ViewController.swift in Sources */ = {isa = PBXBuildFile; fileRef = B86366AA1A8549C400340822 /* ViewController.swift */; };
		B86366AE1A8549C400340822 /* Main.storyboard in Resources */ = {isa = PBXBuildFile; fileRef = B86366AC1A8549C400340822 /* Main.storyboard */; };
		B86366B01A8549C400340822 /* Images.xcassets in Resources */ = {isa = PBXBuildFile; fileRef = B86366AF1A8549C400340822 /* Images.xcassets */; };
		B86366B31A8549C400340822 /* LaunchScreen.xib in Resources */ = {isa = PBXBuildFile; fileRef = B86366B11A8549C400340822 /* LaunchScreen.xib */; };
		B86366BF1A8549C400340822 /* FibonacciAppTests.swift in Sources */ = {isa = PBXBuildFile; fileRef = B86366BE1A8549C400340822 /* FibonacciAppTests.swift */; };
/* End PBXBuildFile section */

/* Begin PBXContainerItemProxy section */
		B86366B91A8549C400340822 /* PBXContainerItemProxy */ = {
			isa = PBXContainerItemProxy;
			containerPortal = B863669B1A8549C400340822 /* Project object */;
			proxyType = 1;
			remoteGlobalIDString = B86366A21A8549C400340822;
			remoteInfo = FibonacciApp;
		};
/* End PBXContainerItemProxy section */

/* Begin PBXFileReference section */
		B86366A31A8549C400340822 /* FibonacciApp.app */ = {isa = PBXFileReference; explicitFileType = wrapper.application; includeInIndex = 0; path = FibonacciApp.app; sourceTree = BUILT_PRODUCTS_DIR; };
		B86366A71A8549C400340822 /* Info.plist */ = {isa = PBXFileReference; lastKnownFileType = text.plist.xml; path = Info.plist; sourceTree = "<group>"; };
		B86366A81A8549C400340822 /* AppDelegate.swift */ = {isa = PBXFileReference; lastKnownFileType = sourcecode.swift; path = AppDelegate.swift; sourceTree = "<group>"; };
		B86366AA1A8549C400340822 /* ViewController.swift */ = {isa = PBXFileReference; lastKnownFileType = sourcecode.swift; path = ViewController.swift; sourceTree = "<group>"; };
		B86366AD1A8549C400340822 /* Base */ = {isa = PBXFileReference; lastKnownFileType = file.storyboard; name = Base; path = Base.lproj/Main.storyboard; sourceTree = "<group>"; };
		B86366AF1A8549C400340822 /* Images.xcassets */ = {isa = PBXFileReference; lastKnownFileType = folder.assetcatalog; path = Images.xcassets; sourceTree = "<group>"; };
		B86366B21A8549C400340822 /* Base */ = {isa = PBXFileReference; lastKnownFileType = file.xib; name = Base; path = Base.lproj/LaunchScreen.xib; sourceTree = "<group>"; };
		B86366B81A8549C400340822 /* FibonacciAppTests.xctest */ = {isa = PBXFileReference; explicitFileType = wrapper.cfbundle; includeInIndex = 0; path = FibonacciAppTests.xctest; sourceTree = BUILT_PRODUCTS_DIR; };
		B86366BD1A8549C400340822 /* Info.plist */ = {isa = PBXFileReference; lastKnownFileType = text.plist.xml; path = Info.plist; sourceTree = "<group>"; };
		B86366BE1A8549C400340822 /* FibonacciAppTests.swift */ = {isa = PBXFileReference; lastKnownFileType = sourcecode.swift; path = FibonacciAppTests.swift; sourceTree = "<group>"; };
/* End PBXFileReference section */

/* Begin PBXFrameworksBuildPhase section */
		B86366A01A8549C400340822 /* Frameworks */ = {
			isa = PBXFrameworksBuildPhase;
			buildActionMask = 2147483647;
			files = (
			);
			runOnlyForDeploymentPostprocessing = 0;
		};
		B86366B51A8549C400340822 /* Frameworks */ = {
			isa = PBXFrameworksBuildPhase;
			buildActionMask = 2147483647;
			files = (
			);
			runOnlyForDeploymentPostprocessing = 0;
		};
/* End PBXFrameworksBuildPhase section */

/* Begin PBXGroup section */
		B863669A1A8549C400340822 = {
			isa = PBXGroup;
			children = (
				B86366A51A8549C400340822 /* FibonacciApp */,
				B86366BB1A8549C400340822 /* FibonacciAppTests */,
				B86366A41A8549C400340822 /* Products */,
			);
			sourceTree = "<group>";
		};
		B86366A41A8549C400340822 /* Products */ = {
			isa = PBXGroup;
			children = (
				B86366A31A8549C400340822 /* FibonacciApp.app */,
				B86366B81A8549C400340822 /* FibonacciAppTests.xctest */,
			);
			name = Products;
			sourceTree = "<group>";
		};
		B86366A51A8549C400340822 /* FibonacciApp */ = {
			isa = PBXGroup;
			children = (
				B86366A81A8549C400340822 /* AppDelegate.swift */,
				B86366AA1A8549C400340822 /* ViewController.swift */,
				B86366AC1A8549C400340822 /* Main.storyboard */,
				B86366AF1A8549C400340822 /* Images.xcassets */,
				B86366B11A8549C400340822 /* LaunchScreen.xib */,
				B86366A61A8549C400340822 /* Supporting Files */,
			);
			path = FibonacciApp;
			sourceTree = "<group>";
		};
		B86366A61A8549C400340822 /* Supporting Files */ = {
			isa = PBXGroup;
			children = (
				B86366A71A8549C400340822 /* Info.plist */,
			);
			name = "Supporting Files";
			sourceTree = "<group>";
		};
		B86366BB1A8549C400340822 /* FibonacciAppTests */ = {
			isa = PBXGroup;
			children = (
				B86366BE1A8549C400340822 /* FibonacciAppTests.swift */,
				B86366BC1A8549C400340822 /* Supporting Files */,
			);
			path = FibonacciAppTests;
			sourceTree = "<group>";
		};
		B86366BC1A8549C400340822 /* Supporting Files */ = {
			isa = PBXGroup;
			children = (
				B86366BD1A8549C400340822 /* Info.plist */,
			);
			name = "Supporting Files";
			sourceTree = "<group>";
		};
/* End PBXGroup section */

/* Begin PBXNativeTarget section */
		B86366A21A8549C400340822 /* FibonacciApp */ = {
			isa = PBXNativeTarget;
			buildConfigurationList = B86366C21A8549C400340822 /* Build configuration list for PBXNativeTarget "FibonacciApp" */;
			buildPhases = (
				B863669F1A8549C400340822 /* Sources */,
				B86366A01A8549C400340822 /* Frameworks */,
				B86366A11A8549C400340822 /* Resources */,
			);
			buildRules = (
			);
			dependencies = (
			);
			name = FibonacciApp;
			productName = FibonacciApp;
			productReference = B86366A31A8549C400340822 /* FibonacciApp.app */;
			productType = "com.apple.product-type.application";
		};
		B86366B71A8549C400340822 /* FibonacciAppTests */ = {
			isa = PBXNativeTarget;
			buildConfigurationList = B86366C51A8549C400340822 /* Build configuration list for PBXNativeTarget "FibonacciAppTests" */;
			buildPhases = (
				B86366B41A8549C400340822 /* Sources */,
				B86366B51A8549C400340822 /* Frameworks */,
				B86366B61A8549C400340822 /* Resources */,
			);
			buildRules = (
			);
			dependencies = (
				B86366BA1A8549C400340822 /* PBXTargetDependency */,
			);
			name = FibonacciAppTests;
			productName = FibonacciAppTests;
			productReference = B86366B81A8549C400340822 /* FibonacciAppTests.xctest */;
			productType = "com.apple.product-type.bundle.unit-test";
		};
/* End PBXNativeTarget section */

/* Begin PBXProject section */
		B863669B1A8549C400340822 /* Project object */ = {
			isa = PBXProject;
			attributes = {
				LastUpgradeCheck = 0610;
				ORGANIZATIONNAME = "Gerald Dunn";
				TargetAttributes = {
					B86366A21A8549C400340822 = {
						CreatedOnToolsVersion = 6.1.1;
					};
					B86366B71A8549C400340822 = {
						CreatedOnToolsVersion = 6.1.1;
						TestTargetID = B86366A21A8549C400340822;
					};
				};
			};
			buildConfigurationList = B863669E1A8549C400340822 /* Build configuration list for PBXProject "FibonacciApp" */;
			compatibilityVersion = "Xcode 3.2";
			developmentRegion = English;
			hasScannedForEncodings = 0;
			knownRegions = (
				en,
				Base,
			);
			mainGroup = B863669A1A8549C400340822;
			productRefGroup = B86366A41A8549C400340822 /* Products */;
			projectDirPath = "";
			projectRoot = "";
			targets = (
				B86366A21A8549C400340822 /* FibonacciApp */,
				B86366B71A8549C400340822 /* FibonacciAppTests */,
			);
		};
/* End PBXProject section */

/* Begin PBXResourcesBuildPhase section */
		B86366A11A8549C400340822 /* Resources */ = {
			isa = PBXResourcesBuildPhase;
			buildActionMask = 2147483647;
			files = (
				B86366AE1A8549C400340822 /* Main.storyboard in Resources */,
				B86366B31A8549C400340822 /* LaunchScreen.xib in Resources */,
				B86366B01A8549C400340822 /* Images.xcassets in Resources */,
			);
			runOnlyForDeploymentPostprocessing = 0;
		};
		B86366B61A8549C400340822 /* Resources */ = {
			isa = PBXResourcesBuildPhase;
			buildActionMask = 2147483647;
			files = (
			);
			runOnlyForDeploymentPostprocessing = 0;
		};
/* End PBXResourcesBuildPhase section */

/* Begin PBXSourcesBuildPhase section */
		B863669F1A8549C400340822 /* Sources */ = {
			isa = PBXSourcesBuildPhase;
			buildActionMask = 2147483647;
			files = (
				B86366AB1A8549C400340822 /* ViewController.swift in Sources */,
				B86366A91A8549C400340822 /* AppDelegate.swift in Sources */,
			);
			runOnlyForDeploymentPostprocessing = 0;
		};
		B86366B41A8549C400340822 /* Sources */ = {
			isa = PBXSourcesBuildPhase;
			buildActionMask = 2147483647;
			files = (
				B86366BF1A8549C400340822 /* FibonacciAppTests.swift in Sources */,
			);
			runOnlyForDeploymentPostprocessing = 0;
		};
/* End PBXSourcesBuildPhase section */

/* Begin PBXTargetDependency section */
		B86366BA1A8549C400340822 /* PBXTargetDependency */ = {
			isa = PBXTargetDependency;
			target = B86366A21A8549C400340822 /* FibonacciApp */;
			targetProxy = B86366B91A8549C400340822 /* PBXContainerItemProxy */;
		};
/* End PBXTargetDependency section */

/* Begin PBXVariantGroup section */
		B86366AC1A8549C400340822 /* Main.storyboard */ = {
			isa = PBXVariantGroup;
			children = (
				B86366AD1A8549C400340822 /* Base */,
			);
			name = Main.storyboard;
			sourceTree = "<group>";
		};
		B86366B11A8549C400340822 /* LaunchScreen.xib */ = {
			isa = PBXVariantGroup;
			children = (
				B86366B21A8549C400340822 /* Base */,
			);
			name = LaunchScreen.xib;
			sourceTree = "<group>";
		};
/* End PBXVariantGroup section */

/* Begin XCBuildConfiguration section */
		B86366C01A8549C400340822 /* Debug */ = {
			isa = XCBuildConfiguration;
			buildSettings = {
				ALWAYS_SEARCH_USER_PATHS = NO;
				CLANG_CXX_LANGUAGE_STANDARD = "gnu++0x";
				CLANG_CXX_LIBRARY = "libc++";
				CLANG_ENABLE_MODULES = YES;
				CLANG_ENABLE_OBJC_ARC = YES;
				CLANG_WARN_BOOL_CONVERSION = YES;
				CLANG_WARN_CONSTANT_CONVERSION = YES;
				CLANG_WARN_DIRECT_OBJC_ISA_USAGE = YES_ERROR;
				CLANG_WARN_EMPTY_BODY = YES;
				CLANG_WARN_ENUM_CONVERSION = YES;
				CLANG_WARN_INT_CONVERSION = YES;
				CLANG_WARN_OBJC_ROOT_CLASS = YES_ERROR;
				CLANG_WARN_UNREACHABLE_CODE = YES;
				CLANG_WARN__DUPLICATE_METHOD_MATCH = YES;
				"CODE_SIGN_IDENTITY[sdk=iphoneos*]" = "iPhone Developer";
				COPY_PHASE_STRIP = NO;
				ENABLE_STRICT_OBJC_MSGSEND = YES;
				GCC_C_LANGUAGE_STANDARD = gnu99;
				GCC_DYNAMIC_NO_PIC = NO;
				GCC_OPTIMIZATION_LEVEL = 0;
				GCC_PREPROCESSOR_DEFINITIONS = (
					"DEBUG=1",
					"$(inherited)",
				);
				GCC_SYMBOLS_PRIVATE_EXTERN = NO;
				GCC_WARN_64_TO_32_BIT_CONVERSION = YES;
				GCC_WARN_ABOUT_RETURN_TYPE = YES_ERROR;
				GCC_WARN_UNDECLARED_SELECTOR = YES;
				GCC_WARN_UNINITIALIZED_AUTOS = YES_AGGRESSIVE;
				GCC_WARN_UNUSED_FUNCTION = YES;
				GCC_WARN_UNUSED_VARIABLE = YES;
				IPHONEOS_DEPLOYMENT_TARGET = 8.1;
				MTL_ENABLE_DEBUG_INFO = YES;
				ONLY_ACTIVE_ARCH = YES;
				SDKROOT = iphoneos;
				SWIFT_OPTIMIZATION_LEVEL = "-Onone";
			};
			name = Debug;
		};
		B86366C11A8549C400340822 /* Release */ = {
			isa = XCBuildConfiguration;
			buildSettings = {
				ALWAYS_SEARCH_USER_PATHS = NO;
				CLANG_CXX_LANGUAGE_STANDARD = "gnu++0x";
				CLANG_CXX_LIBRARY = "libc++";
				CLANG_ENABLE_MODULES = YES;
				CLANG_ENABLE_OBJC_ARC = YES;
				CLANG_WARN_BOOL_CONVERSION = YES;
				CLANG_WARN_CONSTANT_CONVERSION = YES;
				CLANG_WARN_DIRECT_OBJC_ISA_USAGE = YES_ERROR;
				CLANG_WARN_EMPTY_BODY = YES;
				CLANG_WARN_ENUM_CONVERSION = YES;
				CLANG_WARN_INT_CONVERSION = YES;
				CLANG_WARN_OBJC_ROOT_CLASS = YES_ERROR;
				CLANG_WARN_UNREACHABLE_CODE = YES;
				CLANG_WARN__DUPLICATE_METHOD_MATCH = YES;
				"CODE_SIGN_IDENTITY[sdk=iphoneos*]" = "iPhone Developer";
				COPY_PHASE_STRIP = YES;
				ENABLE_NS_ASSERTIONS = NO;
				ENABLE_STRICT_OBJC_MSGSEND = YES;
				GCC_C_LANGUAGE_STANDARD = gnu99;
				GCC_WARN_64_TO_32_BIT_CONVERSION = YES;
				GCC_WARN_ABOUT_RETURN_TYPE = YES_ERROR;
				GCC_WARN_UNDECLARED_SELECTOR = YES;
				GCC_WARN_UNINITIALIZED_AUTOS = YES_AGGRESSIVE;
				GCC_WARN_UNUSED_FUNCTION = YES;
				GCC_WARN_UNUSED_VARIABLE = YES;
				IPHONEOS_DEPLOYMENT_TARGET = 8.1;
				MTL_ENABLE_DEBUG_INFO = NO;
				SDKROOT = iphoneos;
				VALIDATE_PRODUCT = YES;
			};
			name = Release;
		};
		B86366C31A8549C400340822 /* Debug */ = {
			isa = XCBuildConfiguration;
			buildSettings = {
				ASSETCATALOG_COMPILER_APPICON_NAME = AppIcon;
				INFOPLIST_FILE = FibonacciApp/Info.plist;
				LD_RUNPATH_SEARCH_PATHS = "$(inherited) @executable_path/Frameworks";
				PRODUCT_NAME = "$(TARGET_NAME)";
			};
			name = Debug;
		};
		B86366C41A8549C400340822 /* Release */ = {
			isa = XCBuildConfiguration;
			buildSettings = {
				ASSETCATALOG_COMPILER_APPICON_NAME = AppIcon;
				INFOPLIST_FILE = FibonacciApp/Info.plist;
				LD_RUNPATH_SEARCH_PATHS = "$(inherited) @executable_path/Frameworks";
				PRODUCT_NAME = "$(TARGET_NAME)";
			};
			name = Release;
		};
		B86366C61A8549C400340822 /* Debug */ = {
			isa = XCBuildConfiguration;
			buildSettings = {
				BUNDLE_LOADER = "$(TEST_HOST)";
				FRAMEWORK_SEARCH_PATHS = (
					"$(SDKROOT)/Developer/Library/Frameworks",
					"$(inherited)",
				);
				GCC_PREPROCESSOR_DEFINITIONS = (
					"DEBUG=1",
					"$(inherited)",
				);
				INFOPLIST_FILE = FibonacciAppTests/Info.plist;
				LD_RUNPATH_SEARCH_PATHS = "$(inherited) @executable_path/Frameworks @loader_path/Frameworks";
				PRODUCT_NAME = "$(TARGET_NAME)";
				TEST_HOST = "$(BUILT_PRODUCTS_DIR)/FibonacciApp.app/FibonacciApp";
			};
			name = Debug;
		};
		B86366C71A8549C400340822 /* Release */ = {
			isa = XCBuildConfiguration;
			buildSettings = {
				BUNDLE_LOADER = "$(TEST_HOST)";
				FRAMEWORK_SEARCH_PATHS = (
					"$(SDKROOT)/Developer/Library/Frameworks",
					"$(inherited)",
				);
				INFOPLIST_FILE = FibonacciAppTests/Info.plist;
				LD_RUNPATH_SEARCH_PATHS = "$(inherited) @executable_path/Frameworks @loader_path/Frameworks";
				PRODUCT_NAME = "$(TARGET_NAME)";
				TEST_HOST = "$(BUILT_PRODUCTS_DIR)/FibonacciApp.app/FibonacciApp";
			};
			name = Release;
		};
/* End XCBuildConfiguration section */

/* Begin XCConfigurationList section */
		B863669E1A8549C400340822 /* Build configuration list for PBXProject "FibonacciApp" */ = {
			isa = XCConfigurationList;
			buildConfigurations = (
				B86366C01A8549C400340822 /* Debug */,
				B86366C11A8549C400340822 /* Release */,
			);
			defaultConfigurationIsVisible = 0;
			defaultConfigurationName = Release;
		};
		B86366C21A8549C400340822 /* Build configuration list for PBXNativeTarget "FibonacciApp" */ = {
			isa = XCConfigurationList;
			buildConfigurations = (
				B86366C31A8549C400340822 /* Debug */,
				B86366C41A8549C400340822 /* Release */,
			);
			defaultConfigurationIsVisible = 0;
		};
		B86366C51A8549C400340822 /* Build configuration list for PBXNativeTarget "FibonacciAppTests" */ = {
			isa = XCConfigurationList;
			buildConfigurations = (
				B86366C61A8549C400340822 /* Debug */,
				B86366C71A8549C400340822 /* Release */,
			);
			defaultConfigurationIsVisible = 0;
		};
/* End XCConfigurationList section */
	};
	rootObject = B863669B1A8549C400340822 /* Project object */;
}
